Microsoft Visual Studio Solution File, Format Version 12.00
# Visual Studio Version 17
VisualStudioVersion = 17.13.35919.96
MinimumVisualStudioVersion = 10.0.40219.1
Project("{FAE04EC0-301F-11D3-BF4B-00C04F79EFBC}") = "Yu.UI", "src\Yu.UI\Yu.UI.csproj", "{37437288-7630-2BFB-9063-A05CFF0C8C24}"
EndProject
Project("{FAE04EC0-301F-11D3-BF4B-00C04F79EFBC}") = "OpenCVLab", "src\OpenCVLib\OpenCVLab.csproj", "{5EC001BE-4C00-C814-1473-1FF5DC6B7FD2}"
EndProject
Global
	GlobalSection(SolutionConfigurationPlatforms) = preSolution
		Debug|Any CPU = Debug|Any CPU
		Release|Any CPU = Release|Any CPU
	EndGlobalSection
	GlobalSection(ProjectConfigurationPlatforms) = postSolution
		{37437288-7630-2BFB-9063-A05CFF0C8C24}.Debug|Any CPU.ActiveCfg = Debug|Any CPU
		{37437288-7630-2BFB-9063-A05CFF0C8C24}.Debug|Any CPU.Build.0 = Debug|Any CPU
		{37437288-7630-2BFB-9063-A05CFF0C8C24}.Release|Any CPU.ActiveCfg = Release|Any CPU
		{37437288-7630-2BFB-9063-A05CFF0C8C24}.Release|Any CPU.Build.0 = Release|Any CPU
		{5EC001BE-4C00-C814-1473-1FF5DC6B7FD2}.Debug|Any CPU.ActiveCfg = Debug|Any CPU
		{5EC001BE-4C00-C814-1473-1FF5DC6B7FD2}.Debug|Any CPU.Build.0 = Debug|Any CPU
		{5EC001BE-4C00-C814-1473-1FF5DC6B7FD2}.Release|Any CPU.ActiveCfg = Release|Any CPU
		{5EC001BE-4C00-C814-1473-1FF5DC6B7FD2}.Release|Any CPU.Build.0 = Release|Any CPU
	EndGlobalSection
	GlobalSection(SolutionProperties) = preSolution
		HideSolutionNode = FALSE
	EndGlobalSection
	GlobalSection(ExtensibilityGlobals) = postSolution
		SolutionGuid = {B3E8E09A-0E4F-4CBD-A3F3-DDDCF54FFA18}
	EndGlobalSection
EndGlobal
